
Microsoft Visual Studio Solution File, Format Version 12.00
# Visual Studio Version 17
VisualStudioVersion = 17.9.34622.214
MinimumVisualStudioVersion = 10.0.40219.1
Project("{FAE04EC0-301F-11D3-BF4B-00C04F79EFBC}") = "Dominio", "Dominio\Dominio.csproj", "{01B043F6-3FE0-468A-9863-D462BB831AB7}"
EndProject
Project("{FAE04EC0-301F-11D3-BF4B-00C04F79EFBC}") = "AppWeb", "AppWeb\AppWeb.csproj", "{B6D65C0D-01D2-4853-964A-8BF9ED208CFA}"
EndProject
Global
	GlobalSection(SolutionConfigurationPlatforms) = preSolution
		Debug|Any CPU = Debug|Any CPU
		Release|Any CPU = Release|Any CPU
	EndGlobalSection
	GlobalSection(ProjectConfigurationPlatforms) = postSolution
		{01B043F6-3FE0-468A-9863-D462BB831AB7}.Debug|Any CPU.ActiveCfg = Debug|Any CPU
		{01B043F6-3FE0-468A-9863-D462BB831AB7}.Debug|Any CPU.Build.0 = Debug|Any CPU
		{01B043F6-3FE0-468A-9863-D462BB831AB7}.Release|Any CPU.ActiveCfg = Release|Any CPU
		{01B043F6-3FE0-468A-9863-D462BB831AB7}.Release|Any CPU.Build.0 = Release|Any CPU
		{B6D65C0D-01D2-4853-964A-8BF9ED208CFA}.Debug|Any CPU.ActiveCfg = Debug|Any CPU
		{B6D65C0D-01D2-4853-964A-8BF9ED208CFA}.Debug|Any CPU.Build.0 = Debug|Any CPU
		{B6D65C0D-01D2-4853-964A-8BF9ED208CFA}.Release|Any CPU.ActiveCfg = Release|Any CPU
		{B6D65C0D-01D2-4853-964A-8BF9ED208CFA}.Release|Any CPU.Build.0 = Release|Any CPU
	EndGlobalSection
	GlobalSection(SolutionProperties) = preSolution
		HideSolutionNode = FALSE
	EndGlobalSection
	GlobalSection(ExtensibilityGlobals) = postSolution
		SolutionGuid = {11AA3E20-9B6E-45CA-9B05-1683F47A6114}
	EndGlobalSection
EndGlobal
